
Microsoft Visual Studio Solution File, Format Version 12.00
# Visual Studio Version 17
VisualStudioVersion = 17.9.34616.47
MinimumVisualStudioVersion = 10.0.40219.1
Project("{2150E333-8FDC-42A3-9474-1A3956D46DE8}") = "Solution Items", "Solution Items", "{9F72068A-38FD-40F4-8FAA-8D4E7D00B15D}"
	ProjectSection(SolutionItems) = preProject
		.editorconfig = .editorconfig
		.gitignore = .gitignore
		LICENSE = LICENSE
	EndProjectSection
EndProject
Project("{2150E333-8FDC-42A3-9474-1A3956D46DE8}") = "Algorithm", "Algorithm", "{60243307-14B1-4C22-8C54-77922883D574}"
EndProject
Project("{2150E333-8FDC-42A3-9474-1A3956D46DE8}") = "LatencyAndThroughput", "LatencyAndThroughput", "{40D6FE0C-C900-442B-86DB-CF19C852932C}"
EndProject
Project("{2150E333-8FDC-42A3-9474-1A3956D46DE8}") = "Microarchitecture", "Microarchitecture", "{FB3D5C55-9C5A-45A6-8DBE-2CEC1E1E8CF3}"
EndProject
Project("{2150E333-8FDC-42A3-9474-1A3956D46DE8}") = "Memory", "Memory", "{A534D3F6-03AB-4D53-AF69-A91C40C37879}"
EndProject
Project("{2150E333-8FDC-42A3-9474-1A3956D46DE8}") = "Multithreading", "Multithreading", "{FD4EE9C1-7B07-4DDF-9160-25AA8C1A7442}"
EndProject
Project("{2150E333-8FDC-42A3-9474-1A3956D46DE8}") = "Template", "Template", "{5D00A5AC-7347-4F88-8237-E535D350D3C5}"
EndProject
Project("{8BC9CEB8-8B4A-11D0-8D11-00A0C91BC942}") = "MeasureSimple", "Projects\Template\MeasureSimple\MeasureSimple.vcxproj", "{32982275-4E4E-4F67-BFFB-E024366B4C1A}"
EndProject
Project("{8BC9CEB8-8B4A-11D0-8D11-00A0C91BC942}") = "Util", "Projects\Util\Util.vcxproj", "{2E20996D-560F-40CF-AEB9-2EC74850E6EC}"
EndProject
Global
	GlobalSection(SolutionConfigurationPlatforms) = preSolution
		Release|x64 = Release|x64
	EndGlobalSection
	GlobalSection(ProjectConfigurationPlatforms) = postSolution
		{32982275-4E4E-4F67-BFFB-E024366B4C1A}.Release|x64.ActiveCfg = Release|x64
		{32982275-4E4E-4F67-BFFB-E024366B4C1A}.Release|x64.Build.0 = Release|x64
		{2E20996D-560F-40CF-AEB9-2EC74850E6EC}.Release|x64.ActiveCfg = Release|x64
		{2E20996D-560F-40CF-AEB9-2EC74850E6EC}.Release|x64.Build.0 = Release|x64
	EndGlobalSection
	GlobalSection(SolutionProperties) = preSolution
		HideSolutionNode = FALSE
	EndGlobalSection
	GlobalSection(NestedProjects) = preSolution
		{32982275-4E4E-4F67-BFFB-E024366B4C1A} = {5D00A5AC-7347-4F88-8237-E535D350D3C5}
	EndGlobalSection
	GlobalSection(ExtensibilityGlobals) = postSolution
		SolutionGuid = {7560A5B9-7585-419E-A3C8-C5DB97ADABB9}
	EndGlobalSection
EndGlobal
