
Microsoft Visual Studio Solution File, Format Version 12.00
# Visual Studio Version 17
VisualStudioVersion = 17.9.34616.47
MinimumVisualStudioVersion = 10.0.40219.1
Project("{2150E333-8FDC-42A3-9474-1A3956D46DE8}") = "Solution Items", "Solution Items", "{9F72068A-38FD-40F4-8FAA-8D4E7D00B15D}"
	ProjectSection(SolutionItems) = preProject
		.editorconfig = .editorconfig
		.gitignore = .gitignore
		LICENSE = LICENSE
	EndProjectSection
EndProject
Project("{2150E333-8FDC-42A3-9474-1A3956D46DE8}") = "Algorithm", "Algorithm", "{60243307-14B1-4C22-8C54-77922883D574}"
EndProject
Project("{2150E333-8FDC-42A3-9474-1A3956D46DE8}") = "LatencyAndThroughput", "LatencyAndThroughput", "{40D6FE0C-C900-442B-86DB-CF19C852932C}"
EndProject
Project("{2150E333-8FDC-42A3-9474-1A3956D46DE8}") = "Microarchitecture", "Microarchitecture", "{FB3D5C55-9C5A-45A6-8DBE-2CEC1E1E8CF3}"
EndProject
Project("{2150E333-8FDC-42A3-9474-1A3956D46DE8}") = "Memory", "Memory", "{A534D3F6-03AB-4D53-AF69-A91C40C37879}"
EndProject
Project("{2150E333-8FDC-42A3-9474-1A3956D46DE8}") = "Multithreading", "Multithreading", "{FD4EE9C1-7B07-4DDF-9160-25AA8C1A7442}"
EndProject
Project("{2150E333-8FDC-42A3-9474-1A3956D46DE8}") = "Template", "Template", "{5D00A5AC-7347-4F88-8237-E535D350D3C5}"
EndProject
Project("{8BC9CEB8-8B4A-11D0-8D11-00A0C91BC942}") = "MeasureSimple", "Projects\Template\MeasureSimple\MeasureSimple.vcxproj", "{32982275-4E4E-4F67-BFFB-E024366B4C1A}"
EndProject
Project("{8BC9CEB8-8B4A-11D0-8D11-00A0C91BC942}") = "Util", "Projects\Util\Util.vcxproj", "{2E20996D-560F-40CF-AEB9-2EC74850E6EC}"
EndProject
Project("{8BC9CEB8-8B4A-11D0-8D11-00A0C91BC942}") = "MeasureLatencyAndThroughput", "Projects\Template\MeasureLatencyAndThroughput\MeasureLatencyAndThroughput.vcxproj", "{EE1B1C33-B617-45E9-9CE7-E1DB8B71F70A}"
EndProject
Project("{8BC9CEB8-8B4A-11D0-8D11-00A0C91BC942}") = "MeasureMemory", "Projects\Template\MeasureMemory\MeasureMemory.vcxproj", "{1ED850DF-2679-4A14-B3FF-9175999EB732}"
EndProject
Project("{8BC9CEB8-8B4A-11D0-8D11-00A0C91BC942}") = "MeasureMicroarchitecture", "Projects\Template\MeasureMicroarchitecture\MeasureMicroarchitecture.vcxproj", "{A8B622B8-58A5-4DAE-90B3-F09970C3E9B0}"
EndProject
Project("{8BC9CEB8-8B4A-11D0-8D11-00A0C91BC942}") = "MeasureMultithreading", "Projects\Template\MeasureMultithreading\MeasureMultithreading.vcxproj", "{DD578222-471A-42CE-89CE-455996CC94DC}"
EndProject
Project("{8BC9CEB8-8B4A-11D0-8D11-00A0C91BC942}") = "BytesPerCycle", "Projects\LatencyAndThroughput\BytesPerCycle\BytesPerCycle.vcxproj", "{0052E856-3C44-4DF4-8180-883B48969EE0}"
EndProject
Project("{8BC9CEB8-8B4A-11D0-8D11-00A0C91BC942}") = "DependentAdd", "Projects\LatencyAndThroughput\DependentAdd\DependentAdd.vcxproj", "{5DB1815E-0352-444A-BEAD-3F570466E571}"
EndProject
Project("{8BC9CEB8-8B4A-11D0-8D11-00A0C91BC942}") = "DependentPackedAdd", "Projects\LatencyAndThroughput\DependentPackedAdd\DependentPackedAdd.vcxproj", "{0E981E38-087D-4C20-B6F4-B070179F77E6}"
EndProject
Project("{8BC9CEB8-8B4A-11D0-8D11-00A0C91BC942}") = "EmptyLoop", "Projects\LatencyAndThroughput\EmptyLoop\EmptyLoop.vcxproj", "{AAED8409-CF81-4A86-83D1-57FDF9C91F82}"
EndProject
Project("{8BC9CEB8-8B4A-11D0-8D11-00A0C91BC942}") = "EmptyProc", "Projects\LatencyAndThroughput\EmptyProc\EmptyProc.vcxproj", "{A263685A-77B3-4065-9B7D-D7B266D306D2}"
EndProject
Project("{8BC9CEB8-8B4A-11D0-8D11-00A0C91BC942}") = "IndependentAdd", "Projects\LatencyAndThroughput\IndependentAdd\IndependentAdd.vcxproj", "{8D8EEE49-67CA-4817-87EB-29A08BB4EBCE}"
EndProject
Project("{8BC9CEB8-8B4A-11D0-8D11-00A0C91BC942}") = "IndependentPackedAdd", "Projects\LatencyAndThroughput\IndependentPackedAdd\IndependentPackedAdd.vcxproj", "{A11A6FF8-221A-4A89-9825-38EB7CAA91F7}"
EndProject
Project("{8BC9CEB8-8B4A-11D0-8D11-00A0C91BC942}") = "InstructionsPerCycle", "Projects\LatencyAndThroughput\InstructionsPerCycle\InstructionsPerCycle.vcxproj", "{82749DF1-2BE7-4611-85A9-6D11A3B65096}"
EndProject
Project("{8BC9CEB8-8B4A-11D0-8D11-00A0C91BC942}") = "Pause", "Projects\LatencyAndThroughput\Pause\Pause.vcxproj", "{AE8C24BB-20CE-41D3-9169-8290D069D358}"
EndProject
Project("{8BC9CEB8-8B4A-11D0-8D11-00A0C91BC942}") = "CacheLineSize", "Projects\Memory\CacheLineSize\CacheLineSize.vcxproj", "{69AC9DEA-7962-4C5F-B025-37852B764C23}"
EndProject
Project("{8BC9CEB8-8B4A-11D0-8D11-00A0C91BC942}") = "CachePollutionFromMemoryType", "Projects\Memory\CachePollutionFromMemoryType\CachePollutionFromMemoryType.vcxproj", "{03D4E5A8-F647-47BE-9492-64F407B2808B}"
EndProject
Project("{8BC9CEB8-8B4A-11D0-8D11-00A0C91BC942}") = "CachePollutionFromPrefetch", "Projects\Memory\CachePollutionFromPrefetch\CachePollutionFromPrefetch.vcxproj", "{900682E5-FC8B-471D-BBF7-C098F1B4B086}"
EndProject
Project("{8BC9CEB8-8B4A-11D0-8D11-00A0C91BC942}") = "CachePollutionFromWrite", "Projects\Memory\CachePollutionFromWrite\CachePollutionFromWrite.vcxproj", "{1D96F85A-7333-49F6-A671-091D8405D160}"
EndProject
Project("{8BC9CEB8-8B4A-11D0-8D11-00A0C91BC942}") = "MemCommitAccess", "Projects\Memory\MemCommitAccess\MemCommitAccess.vcxproj", "{3F50E81E-2320-4887-9CFA-055A97553E0D}"
EndProject
Project("{8BC9CEB8-8B4A-11D0-8D11-00A0C91BC942}") = "MemoryLatency", "Projects\Memory\MemoryLatency\MemoryLatency.vcxproj", "{A35F8FDC-28C5-4EFD-A556-C2CF1BC1AD5B}"
EndProject
Project("{8BC9CEB8-8B4A-11D0-8D11-00A0C91BC942}") = "MemoryLatencyAfterPrefetch", "Projects\Memory\MemoryLatencyAfterPrefetch\MemoryLatencyAfterPrefetch.vcxproj", "{BF5FB6CC-4BDF-4081-836D-C0CDD0D2A972}"
EndProject
Project("{8BC9CEB8-8B4A-11D0-8D11-00A0C91BC942}") = "ReadFromWriteCombineMemory", "Projects\Memory\ReadFromWriteCombineMemory\ReadFromWriteCombineMemory.vcxproj", "{2580E530-9D57-4D48-8561-AA7C2662708C}"
EndProject
Project("{8BC9CEB8-8B4A-11D0-8D11-00A0C91BC942}") = "WriteCombineMemoryLatency", "Projects\Memory\WriteCombineMemoryLatency\WriteCombineMemoryLatency.vcxproj", "{75AA3237-B1BC-4D2D-8962-FD05EF04934C}"
EndProject
Project("{8BC9CEB8-8B4A-11D0-8D11-00A0C91BC942}") = "BranchPrediction", "Projects\MicroArchitecture\BranchPrediction\BranchPrediction.vcxproj", "{1C1F28F9-4FFB-4490-9599-2B37C5B218A4}"
EndProject
Project("{8BC9CEB8-8B4A-11D0-8D11-00A0C91BC942}") = "FlushSelfCodeCache", "Projects\MicroArchitecture\FlushSelfCodeCache\FlushSelfCodeCache.vcxproj", "{5FFE1258-59BE-44BA-8611-81CE924C3533}"
EndProject
Project("{8BC9CEB8-8B4A-11D0-8D11-00A0C91BC942}") = "SerializingExecution", "Projects\MicroArchitecture\SerializingExecution\SerializingExecution.vcxproj", "{FD869346-D919-4704-B578-9F3FCC1E718B}"
EndProject
Project("{8BC9CEB8-8B4A-11D0-8D11-00A0C91BC942}") = "SpeculativeFetch", "Projects\MicroArchitecture\SpeculativeFetch\SpeculativeFetch.vcxproj", "{E759349D-37C6-4007-9FA2-C4A5BAD86698}"
EndProject
Project("{8BC9CEB8-8B4A-11D0-8D11-00A0C91BC942}") = "AtomicInstruction", "Projects\Multithreading\AtomicInstruction\AtomicInstruction.vcxproj", "{75AFEAB6-A3DD-4428-9839-7ADF47FC54E9}"
EndProject
Global
	GlobalSection(SolutionConfigurationPlatforms) = preSolution
		Release|x64 = Release|x64
	EndGlobalSection
	GlobalSection(ProjectConfigurationPlatforms) = postSolution
		{32982275-4E4E-4F67-BFFB-E024366B4C1A}.Release|x64.ActiveCfg = Release|x64
		{32982275-4E4E-4F67-BFFB-E024366B4C1A}.Release|x64.Build.0 = Release|x64
		{2E20996D-560F-40CF-AEB9-2EC74850E6EC}.Release|x64.ActiveCfg = Release|x64
		{2E20996D-560F-40CF-AEB9-2EC74850E6EC}.Release|x64.Build.0 = Release|x64
		{EE1B1C33-B617-45E9-9CE7-E1DB8B71F70A}.Release|x64.ActiveCfg = Release|x64
		{EE1B1C33-B617-45E9-9CE7-E1DB8B71F70A}.Release|x64.Build.0 = Release|x64
		{1ED850DF-2679-4A14-B3FF-9175999EB732}.Release|x64.ActiveCfg = Release|x64
		{1ED850DF-2679-4A14-B3FF-9175999EB732}.Release|x64.Build.0 = Release|x64
		{A8B622B8-58A5-4DAE-90B3-F09970C3E9B0}.Release|x64.ActiveCfg = Release|x64
		{A8B622B8-58A5-4DAE-90B3-F09970C3E9B0}.Release|x64.Build.0 = Release|x64
		{DD578222-471A-42CE-89CE-455996CC94DC}.Release|x64.ActiveCfg = Release|x64
		{DD578222-471A-42CE-89CE-455996CC94DC}.Release|x64.Build.0 = Release|x64
		{0052E856-3C44-4DF4-8180-883B48969EE0}.Release|x64.ActiveCfg = Release|x64
		{0052E856-3C44-4DF4-8180-883B48969EE0}.Release|x64.Build.0 = Release|x64
		{5DB1815E-0352-444A-BEAD-3F570466E571}.Release|x64.ActiveCfg = Release|x64
		{5DB1815E-0352-444A-BEAD-3F570466E571}.Release|x64.Build.0 = Release|x64
		{0E981E38-087D-4C20-B6F4-B070179F77E6}.Release|x64.ActiveCfg = Release|x64
		{0E981E38-087D-4C20-B6F4-B070179F77E6}.Release|x64.Build.0 = Release|x64
		{AAED8409-CF81-4A86-83D1-57FDF9C91F82}.Release|x64.ActiveCfg = Release|x64
		{AAED8409-CF81-4A86-83D1-57FDF9C91F82}.Release|x64.Build.0 = Release|x64
		{A263685A-77B3-4065-9B7D-D7B266D306D2}.Release|x64.ActiveCfg = Release|x64
		{A263685A-77B3-4065-9B7D-D7B266D306D2}.Release|x64.Build.0 = Release|x64
		{8D8EEE49-67CA-4817-87EB-29A08BB4EBCE}.Release|x64.ActiveCfg = Release|x64
		{8D8EEE49-67CA-4817-87EB-29A08BB4EBCE}.Release|x64.Build.0 = Release|x64
		{A11A6FF8-221A-4A89-9825-38EB7CAA91F7}.Release|x64.ActiveCfg = Release|x64
		{A11A6FF8-221A-4A89-9825-38EB7CAA91F7}.Release|x64.Build.0 = Release|x64
		{82749DF1-2BE7-4611-85A9-6D11A3B65096}.Release|x64.ActiveCfg = Release|x64
		{82749DF1-2BE7-4611-85A9-6D11A3B65096}.Release|x64.Build.0 = Release|x64
		{AE8C24BB-20CE-41D3-9169-8290D069D358}.Release|x64.ActiveCfg = Release|x64
		{AE8C24BB-20CE-41D3-9169-8290D069D358}.Release|x64.Build.0 = Release|x64
		{69AC9DEA-7962-4C5F-B025-37852B764C23}.Release|x64.ActiveCfg = Release|x64
		{69AC9DEA-7962-4C5F-B025-37852B764C23}.Release|x64.Build.0 = Release|x64
		{03D4E5A8-F647-47BE-9492-64F407B2808B}.Release|x64.ActiveCfg = Release|x64
		{03D4E5A8-F647-47BE-9492-64F407B2808B}.Release|x64.Build.0 = Release|x64
		{900682E5-FC8B-471D-BBF7-C098F1B4B086}.Release|x64.ActiveCfg = Release|x64
		{900682E5-FC8B-471D-BBF7-C098F1B4B086}.Release|x64.Build.0 = Release|x64
		{1D96F85A-7333-49F6-A671-091D8405D160}.Release|x64.ActiveCfg = Release|x64
		{1D96F85A-7333-49F6-A671-091D8405D160}.Release|x64.Build.0 = Release|x64
		{3F50E81E-2320-4887-9CFA-055A97553E0D}.Release|x64.ActiveCfg = Release|x64
		{3F50E81E-2320-4887-9CFA-055A97553E0D}.Release|x64.Build.0 = Release|x64
		{A35F8FDC-28C5-4EFD-A556-C2CF1BC1AD5B}.Release|x64.ActiveCfg = Release|x64
		{A35F8FDC-28C5-4EFD-A556-C2CF1BC1AD5B}.Release|x64.Build.0 = Release|x64
		{BF5FB6CC-4BDF-4081-836D-C0CDD0D2A972}.Release|x64.ActiveCfg = Release|x64
		{BF5FB6CC-4BDF-4081-836D-C0CDD0D2A972}.Release|x64.Build.0 = Release|x64
		{2580E530-9D57-4D48-8561-AA7C2662708C}.Release|x64.ActiveCfg = Release|x64
		{2580E530-9D57-4D48-8561-AA7C2662708C}.Release|x64.Build.0 = Release|x64
		{75AA3237-B1BC-4D2D-8962-FD05EF04934C}.Release|x64.ActiveCfg = Release|x64
		{75AA3237-B1BC-4D2D-8962-FD05EF04934C}.Release|x64.Build.0 = Release|x64
		{1C1F28F9-4FFB-4490-9599-2B37C5B218A4}.Release|x64.ActiveCfg = Release|x64
		{1C1F28F9-4FFB-4490-9599-2B37C5B218A4}.Release|x64.Build.0 = Release|x64
		{5FFE1258-59BE-44BA-8611-81CE924C3533}.Release|x64.ActiveCfg = Release|x64
		{5FFE1258-59BE-44BA-8611-81CE924C3533}.Release|x64.Build.0 = Release|x64
		{FD869346-D919-4704-B578-9F3FCC1E718B}.Release|x64.ActiveCfg = Release|x64
		{FD869346-D919-4704-B578-9F3FCC1E718B}.Release|x64.Build.0 = Release|x64
		{E759349D-37C6-4007-9FA2-C4A5BAD86698}.Release|x64.ActiveCfg = Release|x64
		{E759349D-37C6-4007-9FA2-C4A5BAD86698}.Release|x64.Build.0 = Release|x64
		{75AFEAB6-A3DD-4428-9839-7ADF47FC54E9}.Release|x64.ActiveCfg = Release|x64
		{75AFEAB6-A3DD-4428-9839-7ADF47FC54E9}.Release|x64.Build.0 = Release|x64
	EndGlobalSection
	GlobalSection(SolutionProperties) = preSolution
		HideSolutionNode = FALSE
	EndGlobalSection
	GlobalSection(NestedProjects) = preSolution
		{32982275-4E4E-4F67-BFFB-E024366B4C1A} = {5D00A5AC-7347-4F88-8237-E535D350D3C5}
		{EE1B1C33-B617-45E9-9CE7-E1DB8B71F70A} = {5D00A5AC-7347-4F88-8237-E535D350D3C5}
		{1ED850DF-2679-4A14-B3FF-9175999EB732} = {5D00A5AC-7347-4F88-8237-E535D350D3C5}
		{A8B622B8-58A5-4DAE-90B3-F09970C3E9B0} = {5D00A5AC-7347-4F88-8237-E535D350D3C5}
		{DD578222-471A-42CE-89CE-455996CC94DC} = {5D00A5AC-7347-4F88-8237-E535D350D3C5}
		{0052E856-3C44-4DF4-8180-883B48969EE0} = {40D6FE0C-C900-442B-86DB-CF19C852932C}
		{5DB1815E-0352-444A-BEAD-3F570466E571} = {40D6FE0C-C900-442B-86DB-CF19C852932C}
		{0E981E38-087D-4C20-B6F4-B070179F77E6} = {40D6FE0C-C900-442B-86DB-CF19C852932C}
		{AAED8409-CF81-4A86-83D1-57FDF9C91F82} = {40D6FE0C-C900-442B-86DB-CF19C852932C}
		{A263685A-77B3-4065-9B7D-D7B266D306D2} = {40D6FE0C-C900-442B-86DB-CF19C852932C}
		{8D8EEE49-67CA-4817-87EB-29A08BB4EBCE} = {40D6FE0C-C900-442B-86DB-CF19C852932C}
		{A11A6FF8-221A-4A89-9825-38EB7CAA91F7} = {40D6FE0C-C900-442B-86DB-CF19C852932C}
		{82749DF1-2BE7-4611-85A9-6D11A3B65096} = {40D6FE0C-C900-442B-86DB-CF19C852932C}
		{AE8C24BB-20CE-41D3-9169-8290D069D358} = {40D6FE0C-C900-442B-86DB-CF19C852932C}
		{69AC9DEA-7962-4C5F-B025-37852B764C23} = {A534D3F6-03AB-4D53-AF69-A91C40C37879}
		{03D4E5A8-F647-47BE-9492-64F407B2808B} = {A534D3F6-03AB-4D53-AF69-A91C40C37879}
		{900682E5-FC8B-471D-BBF7-C098F1B4B086} = {A534D3F6-03AB-4D53-AF69-A91C40C37879}
		{1D96F85A-7333-49F6-A671-091D8405D160} = {A534D3F6-03AB-4D53-AF69-A91C40C37879}
		{3F50E81E-2320-4887-9CFA-055A97553E0D} = {A534D3F6-03AB-4D53-AF69-A91C40C37879}
		{A35F8FDC-28C5-4EFD-A556-C2CF1BC1AD5B} = {A534D3F6-03AB-4D53-AF69-A91C40C37879}
		{BF5FB6CC-4BDF-4081-836D-C0CDD0D2A972} = {A534D3F6-03AB-4D53-AF69-A91C40C37879}
		{2580E530-9D57-4D48-8561-AA7C2662708C} = {A534D3F6-03AB-4D53-AF69-A91C40C37879}
		{75AA3237-B1BC-4D2D-8962-FD05EF04934C} = {A534D3F6-03AB-4D53-AF69-A91C40C37879}
		{1C1F28F9-4FFB-4490-9599-2B37C5B218A4} = {FB3D5C55-9C5A-45A6-8DBE-2CEC1E1E8CF3}
		{5FFE1258-59BE-44BA-8611-81CE924C3533} = {FB3D5C55-9C5A-45A6-8DBE-2CEC1E1E8CF3}
		{FD869346-D919-4704-B578-9F3FCC1E718B} = {FB3D5C55-9C5A-45A6-8DBE-2CEC1E1E8CF3}
		{E759349D-37C6-4007-9FA2-C4A5BAD86698} = {FB3D5C55-9C5A-45A6-8DBE-2CEC1E1E8CF3}
		{75AFEAB6-A3DD-4428-9839-7ADF47FC54E9} = {FD4EE9C1-7B07-4DDF-9160-25AA8C1A7442}
	EndGlobalSection
	GlobalSection(ExtensibilityGlobals) = postSolution
		SolutionGuid = {7560A5B9-7585-419E-A3C8-C5DB97ADABB9}
	EndGlobalSection
EndGlobal
